
Microsoft Visual Studio Solution File, Format Version 12.00
# Visual Studio 15
VisualStudioVersion = 15.0.27428.2037
MinimumVisualStudioVersion = 10.0.40219.1
Project("{FAE04EC0-301F-11D3-BF4B-00C04F79EFBC}") = "Lab20_MyPortfolio", "Lab20_MyPortfolio\Lab20_MyPortfolio.csproj", "{29CED464-13C2-441C-88EB-D557E99B6CED}"
EndProject
Global
	GlobalSection(SolutionConfigurationPlatforms) = preSolution
		Debug|Any CPU = Debug|Any CPU
		Release|Any CPU = Release|Any CPU
	EndGlobalSection
	GlobalSection(ProjectConfigurationPlatforms) = postSolution
		{29CED464-13C2-441C-88EB-D557E99B6CED}.Debug|Any CPU.ActiveCfg = Debug|Any CPU
		{29CED464-13C2-441C-88EB-D557E99B6CED}.Debug|Any CPU.Build.0 = Debug|Any CPU
		{29CED464-13C2-441C-88EB-D557E99B6CED}.Release|Any CPU.ActiveCfg = Release|Any CPU
		{29CED464-13C2-441C-88EB-D557E99B6CED}.Release|Any CPU.Build.0 = Release|Any CPU
	EndGlobalSection
	GlobalSection(SolutionProperties) = preSolution
		HideSolutionNode = FALSE
	EndGlobalSection
	GlobalSection(ExtensibilityGlobals) = postSolution
		SolutionGuid = {156E38EC-ECE2-447E-9494-D4FD15862452}
	EndGlobalSection
EndGlobal
